
Microsoft Visual Studio Solution File, Format Version 12.00
# Visual Studio Version 16
VisualStudioVersion = 16.0.29920.165
MinimumVisualStudioVersion = 10.0.40219.1
Project("{FAE04EC0-301F-11D3-BF4B-00C04F79EFBC}") = "Blog", "Blog\Blog.csproj", "{A7C21DD8-99D3-4744-B95C-9E99EEC8BAA0}"
EndProject
Global
	GlobalSection(SolutionConfigurationPlatforms) = preSolution
		Debug|Any CPU = Debug|Any CPU
		Release|Any CPU = Release|Any CPU
	EndGlobalSection
	GlobalSection(ProjectConfigurationPlatforms) = postSolution
		{A7C21DD8-99D3-4744-B95C-9E99EEC8BAA0}.Debug|Any CPU.ActiveCfg = Debug|Any CPU
		{A7C21DD8-99D3-4744-B95C-9E99EEC8BAA0}.Debug|Any CPU.Build.0 = Debug|Any CPU
		{A7C21DD8-99D3-4744-B95C-9E99EEC8BAA0}.Release|Any CPU.ActiveCfg = Release|Any CPU
		{A7C21DD8-99D3-4744-B95C-9E99EEC8BAA0}.Release|Any CPU.Build.0 = Release|Any CPU
	EndGlobalSection
	GlobalSection(SolutionProperties) = preSolution
		HideSolutionNode = FALSE
	EndGlobalSection
	GlobalSection(ExtensibilityGlobals) = postSolution
		SolutionGuid = {014D1020-0906-4CE2-BA71-77ED1556289F}
	EndGlobalSection
EndGlobal
